{
  "nodes": {
    "nixpkgs": {
      "locked": {
        "lastModified": 1750134718,
        "narHash": "sha256-v263g4GbxXv87hMXMCpjkIxd/viIF7p3JpJrwgKdNiI=",
        "owner": "nixos",
        "repo": "nixpkgs",
        "rev": "9e83b64f727c88a7711a2c463a7b16eedb69a84c",
        "type": "github"
      },
      "original": {
        "owner": "nixos",
        "ref": "nixos-unstable",
        "repo": "nixpkgs",
        "type": "github"
      }
    },
    "quickshell": {
      "inputs": {
        "nixpkgs": [
          "nixpkgs"
        ]
      },
      "locked": {
        "lastModified": 1750053656,
        "narHash": "sha256-RLICfwDvIEFtLc3GrVsPu46sdGLlPe3ULGz4gSgLxCA=",
        "ref": "refs/heads/master",
        "rev": "9a3033340529881ae5e564d1aedf6884f53e3ea1",
        "revCount": 582,
        "type": "git",
        "url": "https://github.com/quickshell-mirror/quickshell"
      },
      "original": {
        "type": "git",
        "url": "https://github.com/quickshell-mirror/quickshell"
      }
    },
    "root": {
      "inputs": {
        "nixpkgs": "nixpkgs",
        "quickshell": "quickshell"
      }
    }
  },
  "root": "root",
  "version": 7
}
